Microsoft Visual Studio Solution File, Format Version 12.00
# Visual Studio Version 17
VisualStudioVersion = 17.5.2.0
MinimumVisualStudioVersion = 10.0.40219.1
Project("{FAE04EC0-301F-11D3-BF4B-00C04F79EFBC}") = "apresentacao_integracao", "apresentacao_integracao.csproj", "{09E6CBFA-5584-7CB8-F88D-F069D87D0F3B}"
EndProject
Global
	GlobalSection(SolutionConfigurationPlatforms) = preSolution
		Debug|Any CPU = Debug|Any CPU
		Release|Any CPU = Release|Any CPU
	EndGlobalSection
	GlobalSection(ProjectConfigurationPlatforms) = postSolution
		{09E6CBFA-5584-7CB8-F88D-F069D87D0F3B}.Debug|Any CPU.ActiveCfg = Debug|Any CPU
		{09E6CBFA-5584-7CB8-F88D-F069D87D0F3B}.Debug|Any CPU.Build.0 = Debug|Any CPU
		{09E6CBFA-5584-7CB8-F88D-F069D87D0F3B}.Release|Any CPU.ActiveCfg = Release|Any CPU
		{09E6CBFA-5584-7CB8-F88D-F069D87D0F3B}.Release|Any CPU.Build.0 = Release|Any CPU
	EndGlobalSection
	GlobalSection(SolutionProperties) = preSolution
		HideSolutionNode = FALSE
	EndGlobalSection
	GlobalSection(ExtensibilityGlobals) = postSolution
		SolutionGuid = {0B8BAA49-0C73-4EEF-9376-88ECF2FC074D}
	EndGlobalSection
EndGlobal
